
Microsoft Visual Studio Solution File, Format Version 12.00
# Visual Studio Version 16
VisualStudioVersion = 16.0.29806.167
MinimumVisualStudioVersion = 10.0.40219.1
Project("{FAE04EC0-301F-11D3-BF4B-00C04F79EFBC}") = "homework2", "homework2.csproj", "{6DFD3E72-2C39-4AF3-838A-D8DBC643E440}"
EndProject
Global
	GlobalSection(SolutionConfigurationPlatforms) = preSolution
		Debug|Any CPU = Debug|Any CPU
		Release|Any CPU = Release|Any CPU
	EndGlobalSection
	GlobalSection(ProjectConfigurationPlatforms) = postSolution
		{6DFD3E72-2C39-4AF3-838A-D8DBC643E440}.Debug|Any CPU.ActiveCfg = Debug|Any CPU
		{6DFD3E72-2C39-4AF3-838A-D8DBC643E440}.Debug|Any CPU.Build.0 = Debug|Any CPU
		{6DFD3E72-2C39-4AF3-838A-D8DBC643E440}.Release|Any CPU.ActiveCfg = Release|Any CPU
		{6DFD3E72-2C39-4AF3-838A-D8DBC643E440}.Release|Any CPU.Build.0 = Release|Any CPU
	EndGlobalSection
	GlobalSection(SolutionProperties) = preSolution
		HideSolutionNode = FALSE
	EndGlobalSection
	GlobalSection(ExtensibilityGlobals) = postSolution
		SolutionGuid = {49BECAB2-DBAC-4808-94B2-3748F82D4966}
	EndGlobalSection
EndGlobal
