
Microsoft Visual Studio Solution File, Format Version 12.00
# Visual Studio Version 16
VisualStudioVersion = 16.0.29806.167
MinimumVisualStudioVersion = 10.0.40219.1
Project("{FAE04EC0-301F-11D3-BF4B-00C04F79EFBC}") = "homework6", "homework6.csproj", "{277124EF-0C13-4423-B77C-F95AE54DCC2C}"
EndProject
Project("{FAE04EC0-301F-11D3-BF4B-00C04F79EFBC}") = "homework6Tests", "..\homework6Tests\homework6Tests.csproj", "{1BBACBDE-B358-460E-9C16-4E51FA3C471E}"
EndProject
Global
	GlobalSection(SolutionConfigurationPlatforms) = preSolution
		Debug|Any CPU = Debug|Any CPU
		Release|Any CPU = Release|Any CPU
	EndGlobalSection
	GlobalSection(ProjectConfigurationPlatforms) = postSolution
		{277124EF-0C13-4423-B77C-F95AE54DCC2C}.Debug|Any CPU.ActiveCfg = Debug|Any CPU
		{277124EF-0C13-4423-B77C-F95AE54DCC2C}.Debug|Any CPU.Build.0 = Debug|Any CPU
		{277124EF-0C13-4423-B77C-F95AE54DCC2C}.Release|Any CPU.ActiveCfg = Release|Any CPU
		{277124EF-0C13-4423-B77C-F95AE54DCC2C}.Release|Any CPU.Build.0 = Release|Any CPU
		{1BBACBDE-B358-460E-9C16-4E51FA3C471E}.Debug|Any CPU.ActiveCfg = Debug|Any CPU
		{1BBACBDE-B358-460E-9C16-4E51FA3C471E}.Debug|Any CPU.Build.0 = Debug|Any CPU
		{1BBACBDE-B358-460E-9C16-4E51FA3C471E}.Release|Any CPU.ActiveCfg = Release|Any CPU
		{1BBACBDE-B358-460E-9C16-4E51FA3C471E}.Release|Any CPU.Build.0 = Release|Any CPU
	EndGlobalSection
	GlobalSection(SolutionProperties) = preSolution
		HideSolutionNode = FALSE
	EndGlobalSection
	GlobalSection(ExtensibilityGlobals) = postSolution
		SolutionGuid = {EC52C45D-5D08-45EF-A251-0B3B26937DE6}
	EndGlobalSection
EndGlobal
